
Microsoft Visual Studio Solution File, Format Version 12.00
# Visual Studio Version 17
VisualStudioVersion = 17.3.32819.101
MinimumVisualStudioVersion = 10.0.40219.1
Project("{FAE04EC0-301F-11D3-BF4B-00C04F79EFBC}") = "Lb2", "Lb2.csproj", "{ED7D20CF-55CE-49F4-9C59-E172CC3811CD}"
EndProject
Global
	GlobalSection(SolutionConfigurationPlatforms) = preSolution
		Debug|Any CPU = Debug|Any CPU
		Release|Any CPU = Release|Any CPU
	EndGlobalSection
	GlobalSection(ProjectConfigurationPlatforms) = postSolution
		{ED7D20CF-55CE-49F4-9C59-E172CC3811CD}.Debug|Any CPU.ActiveCfg = Debug|Any CPU
		{ED7D20CF-55CE-49F4-9C59-E172CC3811CD}.Debug|Any CPU.Build.0 = Debug|Any CPU
		{ED7D20CF-55CE-49F4-9C59-E172CC3811CD}.Release|Any CPU.ActiveCfg = Release|Any CPU
		{ED7D20CF-55CE-49F4-9C59-E172CC3811CD}.Release|Any CPU.Build.0 = Release|Any CPU
	EndGlobalSection
	GlobalSection(SolutionProperties) = preSolution
		HideSolutionNode = FALSE
	EndGlobalSection
	GlobalSection(ExtensibilityGlobals) = postSolution
		SolutionGuid = {A75335D6-F6DA-4AC6-B0EE-C08A9720F2D4}
	EndGlobalSection
EndGlobal
